
Microsoft Visual Studio Solution File, Format Version 12.00
# Visual Studio Version 17
VisualStudioVersion = 17.1.32319.34
MinimumVisualStudioVersion = 10.0.40219.1
Project("{9A19103F-16F7-4668-BE54-9A1E7A4F7556}") = "MicroServices.LogService", "MicroServices.LogService\MicroServices.LogService.csproj", "{B77789D1-59A1-42C6-BADB-D095033D2DE7}"
EndProject
Project("{9A19103F-16F7-4668-BE54-9A1E7A4F7556}") = "MicroServices.LogService.Common", "MicroServices.LogService.Common\MicroServices.LogService.Common.csproj", "{38FB127F-FAC7-43F7-85C1-5C1E89270918}"
EndProject
Project("{FAE04EC0-301F-11D3-BF4B-00C04F79EFBC}") = "MicroServices.LogService.Client", "MicroServices.LogService.Client\MicroServices.LogService.Client.csproj", "{CE834CAD-E95D-4A38-B7A8-00294F741773}"
EndProject
Global
	GlobalSection(SolutionConfigurationPlatforms) = preSolution
		Debug|Any CPU = Debug|Any CPU
		Release|Any CPU = Release|Any CPU
	EndGlobalSection
	GlobalSection(ProjectConfigurationPlatforms) = postSolution
		{B77789D1-59A1-42C6-BADB-D095033D2DE7}.Debug|Any CPU.ActiveCfg = Debug|Any CPU
		{B77789D1-59A1-42C6-BADB-D095033D2DE7}.Debug|Any CPU.Build.0 = Debug|Any CPU
		{B77789D1-59A1-42C6-BADB-D095033D2DE7}.Release|Any CPU.ActiveCfg = Release|Any CPU
		{B77789D1-59A1-42C6-BADB-D095033D2DE7}.Release|Any CPU.Build.0 = Release|Any CPU
		{38FB127F-FAC7-43F7-85C1-5C1E89270918}.Debug|Any CPU.ActiveCfg = Debug|Any CPU
		{38FB127F-FAC7-43F7-85C1-5C1E89270918}.Debug|Any CPU.Build.0 = Debug|Any CPU
		{38FB127F-FAC7-43F7-85C1-5C1E89270918}.Release|Any CPU.ActiveCfg = Release|Any CPU
		{38FB127F-FAC7-43F7-85C1-5C1E89270918}.Release|Any CPU.Build.0 = Release|Any CPU
		{CE834CAD-E95D-4A38-B7A8-00294F741773}.Debug|Any CPU.ActiveCfg = Debug|Any CPU
		{CE834CAD-E95D-4A38-B7A8-00294F741773}.Debug|Any CPU.Build.0 = Debug|Any CPU
		{CE834CAD-E95D-4A38-B7A8-00294F741773}.Release|Any CPU.ActiveCfg = Release|Any CPU
		{CE834CAD-E95D-4A38-B7A8-00294F741773}.Release|Any CPU.Build.0 = Release|Any CPU
	EndGlobalSection
	GlobalSection(SolutionProperties) = preSolution
		HideSolutionNode = FALSE
	EndGlobalSection
	GlobalSection(ExtensibilityGlobals) = postSolution
		SolutionGuid = {A377A2B1-FFC7-40C8-AD32-7959F7A0713F}
	EndGlobalSection
EndGlobal
